
Microsoft Visual Studio Solution File, Format Version 12.00
# Visual Studio Version 17
VisualStudioVersion = 17.9.34701.34
MinimumVisualStudioVersion = 10.0.40219.1
Project("{FAE04EC0-301F-11D3-BF4B-00C04F79EFBC}") = "Pinger", "Pinger\Pinger.csproj", "{D9FA73E5-7072-4188-B7EB-E995B4A6BC26}"
EndProject
Global
	GlobalSection(SolutionConfigurationPlatforms) = preSolution
		Debug|Any CPU = Debug|Any CPU
		Release|Any CPU = Release|Any CPU
	EndGlobalSection
	GlobalSection(ProjectConfigurationPlatforms) = postSolution
		{D9FA73E5-7072-4188-B7EB-E995B4A6BC26}.Debug|Any CPU.ActiveCfg = Debug|Any CPU
		{D9FA73E5-7072-4188-B7EB-E995B4A6BC26}.Debug|Any CPU.Build.0 = Debug|Any CPU
		{D9FA73E5-7072-4188-B7EB-E995B4A6BC26}.Release|Any CPU.ActiveCfg = Release|Any CPU
		{D9FA73E5-7072-4188-B7EB-E995B4A6BC26}.Release|Any CPU.Build.0 = Release|Any CPU
	EndGlobalSection
	GlobalSection(SolutionProperties) = preSolution
		HideSolutionNode = FALSE
	EndGlobalSection
	GlobalSection(ExtensibilityGlobals) = postSolution
		SolutionGuid = {E14DC7D6-87C6-4C8E-8BE2-E1A3C0060847}
	EndGlobalSection
EndGlobal
